
Microsoft Visual Studio Solution File, Format Version 12.00
# Visual Studio Version 17
VisualStudioVersion = 17.4.33213.308
MinimumVisualStudioVersion = 10.0.40219.1
Project("{FAE04EC0-301F-11D3-BF4B-00C04F79EFBC}") = "Bulder", "Bulder\Bulder.csproj", "{F1508D4A-23C3-427C-811E-65E92030BD5A}"
EndProject
Global
	GlobalSection(SolutionConfigurationPlatforms) = preSolution
		Debug|Any CPU = Debug|Any CPU
		Release|Any CPU = Release|Any CPU
	EndGlobalSection
	GlobalSection(ProjectConfigurationPlatforms) = postSolution
		{F1508D4A-23C3-427C-811E-65E92030BD5A}.Debug|Any CPU.ActiveCfg = Debug|Any CPU
		{F1508D4A-23C3-427C-811E-65E92030BD5A}.Debug|Any CPU.Build.0 = Debug|Any CPU
		{F1508D4A-23C3-427C-811E-65E92030BD5A}.Release|Any CPU.ActiveCfg = Release|Any CPU
		{F1508D4A-23C3-427C-811E-65E92030BD5A}.Release|Any CPU.Build.0 = Release|Any CPU
	EndGlobalSection
	GlobalSection(SolutionProperties) = preSolution
		HideSolutionNode = FALSE
	EndGlobalSection
	GlobalSection(ExtensibilityGlobals) = postSolution
		SolutionGuid = {D48C0B9B-5328-484E-B4EC-5B90576DEC1E}
	EndGlobalSection
EndGlobal
